
Microsoft Visual Studio Solution File, Format Version 12.00
# Visual Studio Version 17
VisualStudioVersion = 17.0.31919.166
MinimumVisualStudioVersion = 10.0.40219.1
Project("{9A19103F-16F7-4668-BE54-9A1E7A4F7556}") = "UuidExtensions.Test", "UuidExtensions.Test\UuidExtensions.Test.csproj", "{67C6C1AA-930F-4714-9F4E-68926264975C}"
EndProject
Project("{9A19103F-16F7-4668-BE54-9A1E7A4F7556}") = "UuidExtensions", "UuidExtensions\UuidExtensions.csproj", "{F08A30F8-7617-4375-BB53-2B5B92666171}"
EndProject
Global
	GlobalSection(SolutionConfigurationPlatforms) = preSolution
		Debug|Any CPU = Debug|Any CPU
		Release|Any CPU = Release|Any CPU
	EndGlobalSection
	GlobalSection(ProjectConfigurationPlatforms) = postSolution
		{67C6C1AA-930F-4714-9F4E-68926264975C}.Debug|Any CPU.ActiveCfg = Debug|Any CPU
		{67C6C1AA-930F-4714-9F4E-68926264975C}.Debug|Any CPU.Build.0 = Debug|Any CPU
		{67C6C1AA-930F-4714-9F4E-68926264975C}.Release|Any CPU.ActiveCfg = Release|Any CPU
		{67C6C1AA-930F-4714-9F4E-68926264975C}.Release|Any CPU.Build.0 = Release|Any CPU
		{F08A30F8-7617-4375-BB53-2B5B92666171}.Debug|Any CPU.ActiveCfg = Debug|Any CPU
		{F08A30F8-7617-4375-BB53-2B5B92666171}.Debug|Any CPU.Build.0 = Debug|Any CPU
		{F08A30F8-7617-4375-BB53-2B5B92666171}.Release|Any CPU.ActiveCfg = Release|Any CPU
		{F08A30F8-7617-4375-BB53-2B5B92666171}.Release|Any CPU.Build.0 = Release|Any CPU
	EndGlobalSection
	GlobalSection(SolutionProperties) = preSolution
		HideSolutionNode = FALSE
	EndGlobalSection
	GlobalSection(ExtensibilityGlobals) = postSolution
		SolutionGuid = {16A4B365-A750-4C92-A46F-4AED163979CA}
	EndGlobalSection
EndGlobal
